
Microsoft Visual Studio Solution File, Format Version 12.00
# Visual Studio Version 16
VisualStudioVersion = 16.0.31005.135
MinimumVisualStudioVersion = 10.0.40219.1
Project("{FAE04EC0-301F-11D3-BF4B-00C04F79EFBC}") = "GestionEtudiant", "GestionEtudiant\GestionEtudiant.csproj", "{FE86A42A-E95A-411B-9E7D-06B2972C6DA4}"
EndProject
Global
	GlobalSection(SolutionConfigurationPlatforms) = preSolution
		Debug|Any CPU = Debug|Any CPU
		Release|Any CPU = Release|Any CPU
	EndGlobalSection
	GlobalSection(ProjectConfigurationPlatforms) = postSolution
		{FE86A42A-E95A-411B-9E7D-06B2972C6DA4}.Debug|Any CPU.ActiveCfg = Debug|Any CPU
		{FE86A42A-E95A-411B-9E7D-06B2972C6DA4}.Debug|Any CPU.Build.0 = Debug|Any CPU
		{FE86A42A-E95A-411B-9E7D-06B2972C6DA4}.Debug|Any CPU.Deploy.0 = Debug|Any CPU
		{FE86A42A-E95A-411B-9E7D-06B2972C6DA4}.Release|Any CPU.ActiveCfg = Release|Any CPU
		{FE86A42A-E95A-411B-9E7D-06B2972C6DA4}.Release|Any CPU.Build.0 = Release|Any CPU
		{FE86A42A-E95A-411B-9E7D-06B2972C6DA4}.Release|Any CPU.Deploy.0 = Release|Any CPU
	EndGlobalSection
	GlobalSection(SolutionProperties) = preSolution
		HideSolutionNode = FALSE
	EndGlobalSection
	GlobalSection(ExtensibilityGlobals) = postSolution
		SolutionGuid = {23C0B149-3958-4F8A-9290-B96C10D8C685}
	EndGlobalSection
EndGlobal
